
Microsoft Visual Studio Solution File, Format Version 12.00
# Visual Studio 2017
Project("{FAE04EC0-301F-11D3-BF4B-00C04F79EFBC}") = "Havana Crime", "Havana Crime.csproj", "{93DFC181-6A67-5850-2A9D-8505ECE19095}"
EndProject
Project("{FAE04EC0-301F-11D3-BF4B-00C04F79EFBC}") = "Havana Crime.Editor", "Havana Crime.Editor.csproj", "{A1F18636-DD5F-B8CE-AB04-8912474CE0C6}"
EndProject
Global
	GlobalSection(SolutionConfigurationPlatforms) = preSolution
		Debug|Any CPU = Debug|Any CPU
		Release|Any CPU = Release|Any CPU
	EndGlobalSection
	GlobalSection(ProjectConfigurationPlatforms) = postSolution
		{93DFC181-6A67-5850-2A9D-8505ECE19095}.Debug|Any CPU.ActiveCfg = Debug|Any CPU
		{93DFC181-6A67-5850-2A9D-8505ECE19095}.Debug|Any CPU.Build.0 = Debug|Any CPU
		{93DFC181-6A67-5850-2A9D-8505ECE19095}.Release|Any CPU.ActiveCfg = Release|Any CPU
		{93DFC181-6A67-5850-2A9D-8505ECE19095}.Release|Any CPU.Build.0 = Release|Any CPU
		{A1F18636-DD5F-B8CE-AB04-8912474CE0C6}.Debug|Any CPU.ActiveCfg = Debug|Any CPU
		{A1F18636-DD5F-B8CE-AB04-8912474CE0C6}.Debug|Any CPU.Build.0 = Debug|Any CPU
		{A1F18636-DD5F-B8CE-AB04-8912474CE0C6}.Release|Any CPU.ActiveCfg = Release|Any CPU
		{A1F18636-DD5F-B8CE-AB04-8912474CE0C6}.Release|Any CPU.Build.0 = Release|Any CPU
	EndGlobalSection
	GlobalSection(SolutionProperties) = preSolution
		HideSolutionNode = FALSE
	EndGlobalSection
EndGlobal
